
Microsoft Visual Studio Solution File, Format Version 12.00
# Visual Studio Version 16
VisualStudioVersion = 16.0.33927.289
MinimumVisualStudioVersion = 10.0.40219.1
Project("{2150E333-8FDC-42A3-9474-1A3956D46DE8}") = "Task0", "Task0", "{CBAC3AC8-80CF-40F1-B8CE-3644E087EBCF}"
EndProject
Project("{FAE04EC0-301F-11D3-BF4B-00C04F79EFBC}") = "Tyuiu.ElizarovKI.Sprint5.Task0.V24", "Tyuiu.ElizarovKI.Sprint5.Task0.V24\Tyuiu.ElizarovKI.Sprint5.Task0.V24.csproj", "{5E46BB9B-C7C1-4118-BF2B-DA66DE4014B2}"
EndProject
Project("{FAE04EC0-301F-11D3-BF4B-00C04F79EFBC}") = "Tyuiu.ElizarovKI.Sprint5.Task0.V24.Lib", "Tyuiu.ElizarovKI.Sprint5.Task0.V24.Lib\Tyuiu.ElizarovKI.Sprint5.Task0.V24.Lib.csproj", "{52C54C8A-5A11-4092-A3B2-F2829842D7FC}"
EndProject
Project("{FAE04EC0-301F-11D3-BF4B-00C04F79EFBC}") = "Tyuiu.ElizarovKI.Sprint5.Task0.V24.Test", "Tyuiu.ElizarovKI.Sprint5.Task0.V24.Test\Tyuiu.ElizarovKI.Sprint5.Task0.V24.Test.csproj", "{733A2A74-22EB-45D0-A72F-88A5213DB8CA}"
EndProject
Project("{2150E333-8FDC-42A3-9474-1A3956D46DE8}") = "Task1", "Task1", "{8D1EDFAB-9A61-42AF-9759-FBE10BBB2761}"
EndProject
Project("{FAE04EC0-301F-11D3-BF4B-00C04F79EFBC}") = "Tyuiu.ElizarovKI.Sprint5.Task1.V27", "Tyuiu.ElizarovKI.Sprint5.Task1.V27\Tyuiu.ElizarovKI.Sprint5.Task1.V27.csproj", "{C2B51DA3-A00F-4718-95FC-1843CD0531DA}"
EndProject
Project("{FAE04EC0-301F-11D3-BF4B-00C04F79EFBC}") = "Tyuiu.ElizarovKI.Sprint5.Task1.V27.Lib", "Tyuiu.ElizarovKI.Sprint5.Task1.V27.Lib\Tyuiu.ElizarovKI.Sprint5.Task1.V27.Lib.csproj", "{9301ADCD-D0F3-4256-902B-3B2D62A0381E}"
EndProject
Project("{FAE04EC0-301F-11D3-BF4B-00C04F79EFBC}") = "Tyuiu.ElizarovKI.Sprint5.Task1.V27.Test", "Tyuiu.ElizarovKI.Sprint5.Task1.V27.Test\Tyuiu.ElizarovKI.Sprint5.Task1.V27.Test.csproj", "{787E9C5D-6AD4-4138-B9F3-E503128D7246}"
EndProject
Global
	GlobalSection(SolutionConfigurationPlatforms) = preSolution
		Debug|Any CPU = Debug|Any CPU
		Release|Any CPU = Release|Any CPU
	EndGlobalSection
	GlobalSection(ProjectConfigurationPlatforms) = postSolution
		{5E46BB9B-C7C1-4118-BF2B-DA66DE4014B2}.Debug|Any CPU.ActiveCfg = Debug|Any CPU
		{5E46BB9B-C7C1-4118-BF2B-DA66DE4014B2}.Debug|Any CPU.Build.0 = Debug|Any CPU
		{5E46BB9B-C7C1-4118-BF2B-DA66DE4014B2}.Release|Any CPU.ActiveCfg = Release|Any CPU
		{5E46BB9B-C7C1-4118-BF2B-DA66DE4014B2}.Release|Any CPU.Build.0 = Release|Any CPU
		{52C54C8A-5A11-4092-A3B2-F2829842D7FC}.Debug|Any CPU.ActiveCfg = Debug|Any CPU
		{52C54C8A-5A11-4092-A3B2-F2829842D7FC}.Debug|Any CPU.Build.0 = Debug|Any CPU
		{52C54C8A-5A11-4092-A3B2-F2829842D7FC}.Release|Any CPU.ActiveCfg = Release|Any CPU
		{52C54C8A-5A11-4092-A3B2-F2829842D7FC}.Release|Any CPU.Build.0 = Release|Any CPU
		{733A2A74-22EB-45D0-A72F-88A5213DB8CA}.Debug|Any CPU.ActiveCfg = Debug|Any CPU
		{733A2A74-22EB-45D0-A72F-88A5213DB8CA}.Debug|Any CPU.Build.0 = Debug|Any CPU
		{733A2A74-22EB-45D0-A72F-88A5213DB8CA}.Release|Any CPU.ActiveCfg = Release|Any CPU
		{733A2A74-22EB-45D0-A72F-88A5213DB8CA}.Release|Any CPU.Build.0 = Release|Any CPU
		{C2B51DA3-A00F-4718-95FC-1843CD0531DA}.Debug|Any CPU.ActiveCfg = Debug|Any CPU
		{C2B51DA3-A00F-4718-95FC-1843CD0531DA}.Debug|Any CPU.Build.0 = Debug|Any CPU
		{C2B51DA3-A00F-4718-95FC-1843CD0531DA}.Release|Any CPU.ActiveCfg = Release|Any CPU
		{C2B51DA3-A00F-4718-95FC-1843CD0531DA}.Release|Any CPU.Build.0 = Release|Any CPU
		{9301ADCD-D0F3-4256-902B-3B2D62A0381E}.Debug|Any CPU.ActiveCfg = Debug|Any CPU
		{9301ADCD-D0F3-4256-902B-3B2D62A0381E}.Debug|Any CPU.Build.0 = Debug|Any CPU
		{9301ADCD-D0F3-4256-902B-3B2D62A0381E}.Release|Any CPU.ActiveCfg = Release|Any CPU
		{9301ADCD-D0F3-4256-902B-3B2D62A0381E}.Release|Any CPU.Build.0 = Release|Any CPU
		{787E9C5D-6AD4-4138-B9F3-E503128D7246}.Debug|Any CPU.ActiveCfg = Debug|Any CPU
		{787E9C5D-6AD4-4138-B9F3-E503128D7246}.Debug|Any CPU.Build.0 = Debug|Any CPU
		{787E9C5D-6AD4-4138-B9F3-E503128D7246}.Release|Any CPU.ActiveCfg = Release|Any CPU
		{787E9C5D-6AD4-4138-B9F3-E503128D7246}.Release|Any CPU.Build.0 = Release|Any CPU
	EndGlobalSection
	GlobalSection(SolutionProperties) = preSolution
		HideSolutionNode = FALSE
	EndGlobalSection
	GlobalSection(NestedProjects) = preSolution
		{5E46BB9B-C7C1-4118-BF2B-DA66DE4014B2} = {CBAC3AC8-80CF-40F1-B8CE-3644E087EBCF}
		{52C54C8A-5A11-4092-A3B2-F2829842D7FC} = {CBAC3AC8-80CF-40F1-B8CE-3644E087EBCF}
		{733A2A74-22EB-45D0-A72F-88A5213DB8CA} = {CBAC3AC8-80CF-40F1-B8CE-3644E087EBCF}
		{C2B51DA3-A00F-4718-95FC-1843CD0531DA} = {8D1EDFAB-9A61-42AF-9759-FBE10BBB2761}
		{9301ADCD-D0F3-4256-902B-3B2D62A0381E} = {8D1EDFAB-9A61-42AF-9759-FBE10BBB2761}
		{787E9C5D-6AD4-4138-B9F3-E503128D7246} = {8D1EDFAB-9A61-42AF-9759-FBE10BBB2761}
	EndGlobalSection
	GlobalSection(ExtensibilityGlobals) = postSolution
		SolutionGuid = {E5570C04-2C8A-4B05-B1AE-436C060F7543}
	EndGlobalSection
EndGlobal
